
Microsoft Visual Studio Solution File, Format Version 12.00
# Visual Studio Version 16
VisualStudioVersion = 16.0.31624.102
MinimumVisualStudioVersion = 10.0.40219.1
Project("{8BC9CEB8-8B4A-11D0-8D11-00A0C91BC942}") = "MazeGame", "MazeGame\MazeGame.vcxproj", "{079933CC-BEEB-44D5-AF7D-85A02BDFA88B}"
EndProject
Project("{2150E333-8FDC-42A3-9474-1A3956D46DE8}") = "Solution Items", "Solution Items", "{EF7A5470-391A-44C2-A607-3CB1858C60AA}"
	ProjectSection(SolutionItems) = preProject
		MazeGame\FrontEndHelpers.cpp = MazeGame\FrontEndHelpers.cpp
	EndProjectSection
EndProject
Global
	GlobalSection(SolutionConfigurationPlatforms) = preSolution
		Debug|x64 = Debug|x64
		Debug|x86 = Debug|x86
		Release|x64 = Release|x64
		Release|x86 = Release|x86
	EndGlobalSection
	GlobalSection(ProjectConfigurationPlatforms) = postSolution
		{079933CC-BEEB-44D5-AF7D-85A02BDFA88B}.Debug|x64.ActiveCfg = Debug|x64
		{079933CC-BEEB-44D5-AF7D-85A02BDFA88B}.Debug|x64.Build.0 = Debug|x64
		{079933CC-BEEB-44D5-AF7D-85A02BDFA88B}.Debug|x86.ActiveCfg = Debug|Win32
		{079933CC-BEEB-44D5-AF7D-85A02BDFA88B}.Debug|x86.Build.0 = Debug|Win32
		{079933CC-BEEB-44D5-AF7D-85A02BDFA88B}.Release|x64.ActiveCfg = Release|x64
		{079933CC-BEEB-44D5-AF7D-85A02BDFA88B}.Release|x64.Build.0 = Release|x64
		{079933CC-BEEB-44D5-AF7D-85A02BDFA88B}.Release|x86.ActiveCfg = Release|Win32
		{079933CC-BEEB-44D5-AF7D-85A02BDFA88B}.Release|x86.Build.0 = Release|Win32
	EndGlobalSection
	GlobalSection(SolutionProperties) = preSolution
		HideSolutionNode = FALSE
	EndGlobalSection
	GlobalSection(ExtensibilityGlobals) = postSolution
		SolutionGuid = {B98FB5B5-9968-4554-B166-37C123FC76FE}
	EndGlobalSection
EndGlobal
